PODS:
  - Alamofire (3.5.0)
  - DZNEmptyDataSet (1.8.1)
  - ObjectMapper (0.19)
  - Realm (1.1.0):
    - Realm/Headers (= 1.1.0)
  - Realm/Headers (1.1.0)
  - RealmSwift (1.1.0):
    - Realm (= 1.1.0)
  - SwiftTask (5.0.0)

DEPENDENCIES:
  - Alamofire (~> 3.0)
  - DZNEmptyDataSet
  - ObjectMapper (~> 0.17)
  - RealmSwift
  - SwiftTask

SPEC CHECKSUMS:
  Alamofire: b70a7352335f8ea5babd0a923eb7e8eacc67b877
  DZNEmptyDataSet: 9525833b9e68ac21c30253e1d3d7076cc828eaa7
  ObjectMapper: a88114e5df20f055da63029f25cbc01014847c91
  Realm: ceecf1a4540c4ce9efe196fe73fa9855bce05bd8
  RealmSwift: 838058b2db95b12cb86bd0cf209df642c33fb60a
  SwiftTask: 7fcd92f8ac16876e82c0e4ced0cea7e028456b6b

PODFILE CHECKSUM: 4705d04c9cd7172c5ac2684482e1975860b27067

COCOAPODS: 1.0.1
