hash: c9626345ec0e038125f46fd7f3702417075a2e832d6b767450753642383b1161
updated: 2017-04-19T19:41:57.152739772+09:00
imports:
- name: bitbucket.org/pkg/inflect
  version: 8961c3750a47b8c0b3e118d52513b97adf85a7e8
- name: cloud.google.com/go
  version: ce650573d812270c64426f3df9fd220324d24b2f
  subpackages:
  - storage
- name: github.com/armon/go-metrics
  version: 93f237eba9b0602f3e73710416558854a81d9337
- name: github.com/dimfeld/httppath
  version: c8e499c3ef3c3e272ed8bdcc1ccf39f73c88debc
- name: github.com/dimfeld/httptreemux
  version: 86f7c217d9043ebc6adfd8e2ed04a0bb1e1db651
- name: github.com/go-openapi/errors
  version: fc3f73a224499b047eda7191e5d22e1e9631e86f
- name: github.com/go-sql-driver/mysql
  version: a197e5d40516f2e9f74dcee085a5f2d4604e94df
- name: github.com/goadesign/goa
  version: d446b57f94d6e4a362ee455dd2e1a794f30cec4f
  subpackages:
  - client
  - cors
  - design
  - design/apidsl
  - dslengine
  - goagen/codegen
  - goagen/utils
  - goatest
  - middleware
  - uuid
  - version
- name: github.com/goadesign/gorma
  version: 37e02c0e3b7b779b3e981ec729e4015ea2b9ee29
  subpackages:
  - dsl
- name: github.com/golang/protobuf
  version: 8ee79997227bf9b34611aee7946ae64735e6fd93
  subpackages:
  - proto
  - protoc-gen-go/descriptor
  - ptypes/any
  - ptypes/duration
  - ptypes/empty
  - ptypes/struct
  - ptypes/timestamp
  - ptypes/wrappers
- name: github.com/inconshreveable/mousetrap
  version: 76626ae9c91c4f2a10f34cad8ce83ea42c93bb75
- name: github.com/jinzhu/gorm
  version: 5174cc5c242a728b435ea2be8a2f7f998e15429b
  subpackages:
  - dialects/mysql
- name: github.com/jinzhu/inflection
  version: 1c35d901db3da928c72a72d8458480cc9ade058f
- name: github.com/kr/pretty
  version: cfb55aafdaf3ec08f0db22699ab822c50091b1c4
- name: github.com/kr/text
  version: 7cafcd837844e784b526369c9bce262804aebc60
- name: github.com/manveru/faker
  version: 717f7cf83fb78669bfab612749c2e8ff63d5be11
- name: github.com/mjibson/goon
  version: a9ac1d26f6dbfd9538f4e1e02a04061ef41c1c17
- name: github.com/satori/go.uuid
  version: 879c5887cd475cd7864858769793b2ceb0d44feb
- name: github.com/spf13/cobra
  version: 7aeaa2cce6ae7e18d2a6ee597b60ee137e999bd9
- name: github.com/spf13/pflag
  version: d16db1e50e33dff1b6cdf37596cef36742128670
- name: github.com/yterajima/go-dtf
  version: 9e54ad5c4b459faa158c3948c39b6378b0eba138
- name: github.com/zach-klippenstein/goregen
  version: 795b5e3961ea1912fde60af417ad85e86acc0d6a
- name: golang.org/x/net
  version: 4971afdc2f162e82d185353533d3cf16188a9f4e
  subpackages:
  - context
  - http2
  - http2/hpack
  - idna
  - internal/timeseries
  - lex/httplex
  - trace
  - websocket
- name: golang.org/x/tools
  version: 37a1062ad0bb70f026cd45d6b92cb37eacd927bb
  subpackages:
  - go/ast/astutil
- name: google.golang.org/appengine
  version: 2e4a801b39fc199db615bfca7d0b9f8cd9580599
  subpackages:
  - '...'
  - datastore
  - internal
  - internal/aetesting
  - internal/app_identity
  - internal/base
  - internal/blobstore
  - internal/capability
  - internal/channel
  - internal/datastore
  - internal/image
  - internal/log
  - internal/mail
  - internal/memcache
  - internal/modules
  - internal/remote_api
  - internal/search
  - internal/socket
  - internal/system
  - internal/taskqueue
  - internal/urlfetch
  - internal/user
  - internal/xmpp
  - log
  - memcache
  - taskqueue
  - urlfetch
  - user
- name: google.golang.org/genproto
  version: 411e09b969b1170a9f0c467558eb4c4c110d9c77
  subpackages:
  - googleapis/api
  - googleapis/api/annotations
  - googleapis/api/configchange
  - googleapis/api/distribution
  - googleapis/api/httpbody
  - googleapis/api/label
  - googleapis/api/metric
  - googleapis/api/monitoredres
  - googleapis/api/serviceconfig
  - googleapis/cloud/support/common
  - googleapis/devtools/source/v1
  - googleapis/iam/v1
  - googleapis/logging/type
  - googleapis/longrunning
  - googleapis/rpc/code
  - googleapis/rpc/status
  - googleapis/type/color
  - googleapis/type/date
  - googleapis/type/latlng
  - googleapis/type/money
  - googleapis/type/timeofday
  - protobuf/api
  - protobuf/field_mask
  - protobuf/ptype
  - protobuf/source_context
- name: google.golang.org/grpc
  version: 8050b9cbc271307e5a716a9d782803d09b0d6f2d
  subpackages:
  - codes
  - credentials
  - grpclog
  - internal
  - keepalive
  - metadata
  - naming
  - peer
  - stats
  - tap
  - transport
- name: gopkg.in/yaml.v1
  version: 9f9df34309c04878acc86042b16630b0f696e1de
testImports: []
