hash: 93d776fa1c7f179b1dbac0e62dad924c8ffcda7a2a4ae547e38b40c28bfb1806
updated: 2017-01-14T09:57:57.199780793+09:00
imports:
- name: cloud.google.com/go
  version: a5e721bf760c8055ea3ae8b732da1dc6a10fc3f9
  subpackages:
  - compute/metadata
  - datastore
  - internal
  - internal/atomiccache
  - internal/fields
- name: github.com/dgrijalva/jwt-go
  version: 9ed569b5d1ac936e6494082958d63a6aa4fff99a
- name: github.com/go-sql-driver/mysql
  version: a197e5d40516f2e9f74dcee085a5f2d4604e94df
- name: github.com/golang/protobuf
  version: 8ee79997227bf9b34611aee7946ae64735e6fd93
  subpackages:
  - proto
  - protoc-gen-go/descriptor
  - ptypes/struct
  - ptypes/timestamp
  - ptypes/wrappers
- name: github.com/googleapis/gax-go
  version: da06d194a00e19ce00d9011a13931c3f6f6887c7
- name: github.com/labstack/echo
  version: 8d504c1b699c757b267255c53b3e5219f9974abc
  subpackages:
  - middleware
- name: github.com/labstack/gommon
  version: 9a43ff0d261e0e65594422e9eee08cf301aabbe7
  subpackages:
  - bytes
  - color
  - log
  - random
- name: github.com/mattn/go-colorable
  version: d228849504861217f796da67fae4f6e347643f15
- name: github.com/mattn/go-isatty
  version: 30a891c33c7cde7b02a981314b4228ec99380cca
- name: github.com/mjibson/goon
  version: 0ed1ebf48a18375ca62c5a033a6f5bc4c59997f4
- name: github.com/tylerb/graceful
  version: 4df1190835320af7076dfcf27b3d071fd3612caf
- name: github.com/valyala/fasttemplate
  version: 3b874956e03f1636d171bda64b130f9135f42cff
- name: github.com/yterajima/go-dtf
  version: 9e54ad5c4b459faa158c3948c39b6378b0eba138
- name: golang.org/x/crypto
  version: ede567c8e044a5913dad1d1af3696d9da953104c
  subpackages:
  - acme
  - acme/autocert
- name: golang.org/x/net
  version: 4971afdc2f162e82d185353533d3cf16188a9f4e
  subpackages:
  - context
  - context/ctxhttp
  - http2
  - http2/hpack
  - idna
  - internal/timeseries
  - lex/httplex
  - trace
- name: golang.org/x/oauth2
  version: 314dd2c0bf3ebd592ec0d20847d27e79d0dbe8dd
  subpackages:
  - google
  - internal
  - jws
  - jwt
- name: golang.org/x/sys
  version: 30237cf4eefd639b184d1f2cb77a581ea0be8947
  subpackages:
  - unix
- name: google.golang.org/api
  version: 8840436417f044055c16fc7e4018f08484f52839
  subpackages:
  - googleapi/transport
  - internal
  - iterator
  - option
  - transport
- name: google.golang.org/appengine
  version: 9e2ad0873f358c54296ccdc5116b0652c98226d1
  subpackages:
  - datastore
  - internal
  - internal/app_identity
  - internal/base
  - internal/datastore
  - internal/log
  - internal/memcache
  - internal/modules
  - internal/remote_api
  - internal/socket
  - internal/urlfetch
  - log
  - memcache
  - socket
  - urlfetch
- name: google.golang.org/genproto
  version: b3e7c2fb04031add52c4817f53f43757ccbf9c18
  subpackages:
  - googleapis/api/annotations
  - googleapis/datastore/v1
  - googleapis/type/latlng
- name: google.golang.org/grpc
  version: 50955793b0183f9de69bd78e2ec251cf20aab121
  subpackages:
  - codes
  - credentials
  - credentials/oauth
  - grpclog
  - internal
  - metadata
  - naming
  - peer
  - stats
  - tap
  - transport
- name: gopkg.in/yaml.v1
  version: 9f9df34309c04878acc86042b16630b0f696e1de
testImports: []
