// !$*UTF8*$!
{
	archiveVersion = 1;
	classes = {
	};
	objectVersion = 46;
	objects = {

/* Begin PBXBuildFile section */
		6C064EE81E1742B700658318 /* NoKeepButton.swift in Sources */ = {isa = PBXBuildFile; fileRef = 6C064EE71E1742B700658318 /* NoKeepButton.swift */; };
		6C1DAFF81D8EBB9F00044A41 /* MainMenuTabBarController.swift in Sources */ = {isa = PBXBuildFile; fileRef = 6C1DAFF71D8EBB9F00044A41 /* MainMenuTabBarController.swift */; };
		6C1DAFFA1D8FB7C800044A41 /* Color.swift in Sources */ = {isa = PBXBuildFile; fileRef = 6C1DAFF91D8FB7C800044A41 /* Color.swift */; };
		6C1DB0081D8FC1F300044A41 /* BaseNavigationViewController.swift in Sources */ = {isa = PBXBuildFile; fileRef = 6C1DB0071D8FC1F300044A41 /* BaseNavigationViewController.swift */; };
		6C2BCA461D6A8A19005D16DA /* NoKeepEventViewController.swift in Sources */ = {isa = PBXBuildFile; fileRef = 6C2BCA451D6A8A19005D16DA /* NoKeepEventViewController.swift */; };
		6C3026D31D698E7C00D73A90 /* ViewFormatter.swift in Sources */ = {isa = PBXBuildFile; fileRef = 6C3026D21D698E7C00D73A90 /* ViewFormatter.swift */; };
		6C3026D51D69A13400D73A90 /* KeepEventViewController.swift in Sources */ = {isa = PBXBuildFile; fileRef = 6C3026D41D69A13400D73A90 /* KeepEventViewController.swift */; };
		6C4E1F151D7D36A600A2BE13 /* Register.storyboard in Resources */ = {isa = PBXBuildFile; fileRef = 6C4E1F141D7D36A600A2BE13 /* Register.storyboard */; };
		6C4E1F171D7D39BB00A2BE13 /* CheckListTableViewCell.xib in Resources */ = {isa = PBXBuildFile; fileRef = 6C4E1F161D7D39BB00A2BE13 /* CheckListTableViewCell.xib */; };
		6C4E1F191D7D3A8600A2BE13 /* RegisterGenreViewController.swift in Sources */ = {isa = PBXBuildFile; fileRef = 6C4E1F181D7D3A8600A2BE13 /* RegisterGenreViewController.swift */; };
		6C4E1F1B1D7D3AAE00A2BE13 /* RegisterPlaceViewController.swift in Sources */ = {isa = PBXBuildFile; fileRef = 6C4E1F1A1D7D3AAE00A2BE13 /* RegisterPlaceViewController.swift */; };
		6C6A26FF1D8E571D00F479CA /* AllEventSerachViewController.swift in Sources */ = {isa = PBXBuildFile; fileRef = 6C6A26FE1D8E571D00F479CA /* AllEventSerachViewController.swift */; };
		6C6A27011D8E614D00F479CA /* BaseViewController.swift in Sources */ = {isa = PBXBuildFile; fileRef = 6C6A27001D8E614D00F479CA /* BaseViewController.swift */; };
		6C88DF471E165BA000203C85 /* KeepButton.swift in Sources */ = {isa = PBXBuildFile; fileRef = 6C88DF461E165BA000203C85 /* KeepButton.swift */; };
		6CA95B0D1D6729BF00983152 /* AppDelegate.swift in Sources */ = {isa = PBXBuildFile; fileRef = 6CA95B0C1D6729BF00983152 /* AppDelegate.swift */; };
		6CA95B121D6729BF00983152 /* Main.storyboard in Resources */ = {isa = PBXBuildFile; fileRef = 6CA95B101D6729BF00983152 /* Main.storyboard */; };
		6CA95B171D6729BF00983152 /* LaunchScreen.storyboard in Resources */ = {isa = PBXBuildFile; fileRef = 6CA95B151D6729BF00983152 /* LaunchScreen.storyboard */; };
		6CA95B201D672B9700983152 /* Event.swift in Sources */ = {isa = PBXBuildFile; fileRef = 6CA95B1E1D672B9700983152 /* Event.swift */; };
		6CA95B211D672B9700983152 /* SwiftyJSON.swift in Sources */ = {isa = PBXBuildFile; fileRef = 6CA95B1F1D672B9700983152 /* SwiftyJSON.swift */; };
		6CA95B2B1D672FDA00983152 /* EventInfoTableViewCell.xib in Resources */ = {isa = PBXBuildFile; fileRef = 6CA95B2A1D672FDA00983152 /* EventInfoTableViewCell.xib */; };
		6CA95B2D1D67303400983152 /* EventInfoTableViewCell.swift in Sources */ = {isa = PBXBuildFile; fileRef = 6CA95B2C1D67303400983152 /* EventInfoTableViewCell.swift */; };
		6CA95B2F1D67306C00983152 /* EventInfoViewController.swift in Sources */ = {isa = PBXBuildFile; fileRef = 6CA95B2E1D67306C00983152 /* EventInfoViewController.swift */; };
		6CA95B311D67480A00983152 /* EventManager.swift in Sources */ = {isa = PBXBuildFile; fileRef = 6CA95B301D67480A00983152 /* EventManager.swift */; };
		6CA95B331D6749EC00983152 /* EventSummary.swift in Sources */ = {isa = PBXBuildFile; fileRef = 6CA95B321D6749EC00983152 /* EventSummary.swift */; };
		6CC5C15D1D90B57D00683EBB /* AppIcon.xcassets in Resources */ = {isa = PBXBuildFile; fileRef = 6CC5C15C1D90B57D00683EBB /* AppIcon.xcassets */; };
		6CC5C15F1D90BB9B00683EBB /* Images.xcassets in Resources */ = {isa = PBXBuildFile; fileRef = 6CC5C15E1D90BB9B00683EBB /* Images.xcassets */; };
		6CCD65AC1E2509000017826B /* GoogleService-Info.plist in Resources */ = {isa = PBXBuildFile; fileRef = 6CCD65AB1E2509000017826B /* GoogleService-Info.plist */; };
		6CD322C71D7EAB1B004B0851 /* Define.swift in Sources */ = {isa = PBXBuildFile; fileRef = 6CD322C61D7EAB1B004B0851 /* Define.swift */; };
		6CD322C91D7EAFCF004B0851 /* CheckListTableViewCell.swift in Sources */ = {isa = PBXBuildFile; fileRef = 6CD322C81D7EAFCF004B0851 /* CheckListTableViewCell.swift */; };
		6CD322CD1D83F056004B0851 /* UserRegister.swift in Sources */ = {isa = PBXBuildFile; fileRef = 6CD322CC1D83F056004B0851 /* UserRegister.swift */; };
		6CD322CF1D83FBDA004B0851 /* SettingViewController.swift in Sources */ = {isa = PBXBuildFile; fileRef = 6CD322CE1D83FBDA004B0851 /* SettingViewController.swift */; };
		6CEA17ED1D68203100374032 /* SafariServices.framework in Frameworks */ = {isa = PBXBuildFile; fileRef = 6CEA17EC1D68203100374032 /* SafariServices.framework */; };
		6CFD6C361D854B7F00B6C37F /* PushNotificationManager.swift in Sources */ = {isa = PBXBuildFile; fileRef = 6CFD6C351D854B7F00B6C37F /* PushNotificationManager.swift */; };
		E651E1746915111F62EE7A80 /* Pods_Eventory.framework in Frameworks */ = {isa = PBXBuildFile; fileRef = CADCEF34488077494D0E2FE6 /* Pods_Eventory.framework */; };
/* End PBXBuildFile section */

/* Begin PBXFileReference section */
		6C064EE71E1742B700658318 /* NoKeepButton.swift */ = {isa = PBXFileReference; fileEncoding = 4; lastKnownFileType = sourcecode.swift; path = NoKeepButton.swift; sourceTree = "<group>"; };
		6C1DAFF71D8EBB9F00044A41 /* MainMenuTabBarController.swift */ = {isa = PBXFileReference; fileEncoding = 4; lastKnownFileType = sourcecode.swift; path = MainMenuTabBarController.swift; sourceTree = "<group>"; };
		6C1DAFF91D8FB7C800044A41 /* Color.swift */ = {isa = PBXFileReference; fileEncoding = 4; lastKnownFileType = sourcecode.swift; path = Color.swift; sourceTree = "<group>"; };
		6C1DB0071D8FC1F300044A41 /* BaseNavigationViewController.swift */ = {isa = PBXFileReference; fileEncoding = 4; lastKnownFileType = sourcecode.swift; path = BaseNavigationViewController.swift; sourceTree = "<group>"; };
		6C2BCA451D6A8A19005D16DA /* NoKeepEventViewController.swift */ = {isa = PBXFileReference; fileEncoding = 4; lastKnownFileType = sourcecode.swift; path = NoKeepEventViewController.swift; sourceTree = "<group>"; };
		6C3026D21D698E7C00D73A90 /* ViewFormatter.swift */ = {isa = PBXFileReference; fileEncoding = 4; lastKnownFileType = sourcecode.swift; path = ViewFormatter.swift; sourceTree = "<group>"; };
		6C3026D41D69A13400D73A90 /* KeepEventViewController.swift */ = {isa = PBXFileReference; fileEncoding = 4; lastKnownFileType = sourcecode.swift; path = KeepEventViewController.swift; sourceTree = "<group>"; };
		6C4E1F141D7D36A600A2BE13 /* Register.storyboard */ = {isa = PBXFileReference; fileEncoding = 4; lastKnownFileType = file.storyboard; path = Register.storyboard; sourceTree = "<group>"; };
		6C4E1F161D7D39BB00A2BE13 /* CheckListTableViewCell.xib */ = {isa = PBXFileReference; fileEncoding = 4; lastKnownFileType = file.xib; path = CheckListTableViewCell.xib; sourceTree = "<group>"; };
		6C4E1F181D7D3A8600A2BE13 /* RegisterGenreViewController.swift */ = {isa = PBXFileReference; fileEncoding = 4; lastKnownFileType = sourcecode.swift; path = RegisterGenreViewController.swift; sourceTree = "<group>"; };
		6C4E1F1A1D7D3AAE00A2BE13 /* RegisterPlaceViewController.swift */ = {isa = PBXFileReference; fileEncoding = 4; lastKnownFileType = sourcecode.swift; path = RegisterPlaceViewController.swift; sourceTree = "<group>"; };
		6C5E463F1D92231F00AC9EC9 /* Eventory-Bridging-Header.h */ = {isa = PBXFileReference; fileEncoding = 4; lastKnownFileType = sourcecode.c.h; path = "Eventory-Bridging-Header.h"; sourceTree = "<group>"; };
		6C6A26FE1D8E571D00F479CA /* AllEventSerachViewController.swift */ = {isa = PBXFileReference; fileEncoding = 4; lastKnownFileType = sourcecode.swift; path = AllEventSerachViewController.swift; sourceTree = "<group>"; };
		6C6A27001D8E614D00F479CA /* BaseViewController.swift */ = {isa = PBXFileReference; fileEncoding = 4; lastKnownFileType = sourcecode.swift; path = BaseViewController.swift; sourceTree = "<group>"; };
		6C88DF461E165BA000203C85 /* KeepButton.swift */ = {isa = PBXFileReference; fileEncoding = 4; lastKnownFileType = sourcecode.swift; path = KeepButton.swift; sourceTree = "<group>"; };
		6CA95B091D6729BF00983152 /* Eventory.app */ = {isa = PBXFileReference; explicitFileType = wrapper.application; includeInIndex = 0; path = Eventory.app; sourceTree = BUILT_PRODUCTS_DIR; };
		6CA95B0C1D6729BF00983152 /* AppDelegate.swift */ = {isa = PBXFileReference; lastKnownFileType = sourcecode.swift; path = AppDelegate.swift; sourceTree = "<group>"; };
		6CA95B111D6729BF00983152 /* Base */ = {isa = PBXFileReference; lastKnownFileType = file.storyboard; name = Base; path = Base.lproj/Main.storyboard; sourceTree = "<group>"; };
		6CA95B161D6729BF00983152 /* Base */ = {isa = PBXFileReference; lastKnownFileType = file.storyboard; name = Base; path = Base.lproj/LaunchScreen.storyboard; sourceTree = "<group>"; };
		6CA95B181D6729BF00983152 /* Info.plist */ = {isa = PBXFileReference; lastKnownFileType = text.plist.xml; path = Info.plist; sourceTree = "<group>"; };
		6CA95B1E1D672B9700983152 /* Event.swift */ = {isa = PBXFileReference; fileEncoding = 4; lastKnownFileType = sourcecode.swift; path = Event.swift; sourceTree = "<group>"; };
		6CA95B1F1D672B9700983152 /* SwiftyJSON.swift */ = {isa = PBXFileReference; fileEncoding = 4; lastKnownFileType = sourcecode.swift; path = SwiftyJSON.swift; sourceTree = "<group>"; };
		6CA95B2A1D672FDA00983152 /* EventInfoTableViewCell.xib */ = {isa = PBXFileReference; fileEncoding = 4; lastKnownFileType = file.xib; path = EventInfoTableViewCell.xib; sourceTree = "<group>"; };
		6CA95B2C1D67303400983152 /* EventInfoTableViewCell.swift */ = {isa = PBXFileReference; fileEncoding = 4; lastKnownFileType = sourcecode.swift; path = EventInfoTableViewCell.swift; sourceTree = "<group>"; };
		6CA95B2E1D67306C00983152 /* EventInfoViewController.swift */ = {isa = PBXFileReference; fileEncoding = 4; lastKnownFileType = sourcecode.swift; path = EventInfoViewController.swift; sourceTree = "<group>"; };
		6CA95B301D67480A00983152 /* EventManager.swift */ = {isa = PBXFileReference; fileEncoding = 4; lastKnownFileType = sourcecode.swift; path = EventManager.swift; sourceTree = "<group>"; };
		6CA95B321D6749EC00983152 /* EventSummary.swift */ = {isa = PBXFileReference; fileEncoding = 4; lastKnownFileType = sourcecode.swift; path = EventSummary.swift; sourceTree = "<group>"; };
		6CC5C15C1D90B57D00683EBB /* AppIcon.xcassets */ = {isa = PBXFileReference; lastKnownFileType = folder.assetcatalog; path = AppIcon.xcassets; sourceTree = "<group>"; };
		6CC5C15E1D90BB9B00683EBB /* Images.xcassets */ = {isa = PBXFileReference; lastKnownFileType = folder.assetcatalog; path = Images.xcassets; sourceTree = "<group>"; };
		6CCD65AB1E2509000017826B /* GoogleService-Info.plist */ = {isa = PBXFileReference; fileEncoding = 4; lastKnownFileType = text.plist.xml; name = "GoogleService-Info.plist"; path = "../../../../../../Downloads/GoogleService-Info.plist"; sourceTree = "<group>"; };
		6CCD65AD1E250A230017826B /* Eventory.entitlements */ = {isa = PBXFileReference; lastKnownFileType = text.plist.entitlements; path = Eventory.entitlements; sourceTree = "<group>"; };
		6CD322C61D7EAB1B004B0851 /* Define.swift */ = {isa = PBXFileReference; fileEncoding = 4; lastKnownFileType = sourcecode.swift; path = Define.swift; sourceTree = "<group>"; };
		6CD322C81D7EAFCF004B0851 /* CheckListTableViewCell.swift */ = {isa = PBXFileReference; fileEncoding = 4; lastKnownFileType = sourcecode.swift; path = CheckListTableViewCell.swift; sourceTree = "<group>"; };
		6CD322CC1D83F056004B0851 /* UserRegister.swift */ = {isa = PBXFileReference; fileEncoding = 4; lastKnownFileType = sourcecode.swift; path = UserRegister.swift; sourceTree = "<group>"; };
		6CD322CE1D83FBDA004B0851 /* SettingViewController.swift */ = {isa = PBXFileReference; fileEncoding = 4; lastKnownFileType = sourcecode.swift; path = SettingViewController.swift; sourceTree = "<group>"; };
		6CEA17EC1D68203100374032 /* SafariServices.framework */ = {isa = PBXFileReference; lastKnownFileType = wrapper.framework; name = SafariServices.framework; path = System/Library/Frameworks/SafariServices.framework; sourceTree = SDKROOT; };
		6CFD6C351D854B7F00B6C37F /* PushNotificationManager.swift */ = {isa = PBXFileReference; fileEncoding = 4; lastKnownFileType = sourcecode.swift; path = PushNotificationManager.swift; sourceTree = "<group>"; };
		93E44002139D8172A27F7E18 /* Pods-Eventory.release.xcconfig */ = {isa = PBXFileReference; includeInIndex = 1; lastKnownFileType = text.xcconfig; name = "Pods-Eventory.release.xcconfig"; path = "Pods/Target Support Files/Pods-Eventory/Pods-Eventory.release.xcconfig"; sourceTree = "<group>"; };
		9D8D7702E376AFA369C0434F /* Pods-Eventory.debug.xcconfig */ = {isa = PBXFileReference; includeInIndex = 1; lastKnownFileType = text.xcconfig; name = "Pods-Eventory.debug.xcconfig"; path = "Pods/Target Support Files/Pods-Eventory/Pods-Eventory.debug.xcconfig"; sourceTree = "<group>"; };
		CADCEF34488077494D0E2FE6 /* Pods_Eventory.framework */ = {isa = PBXFileReference; explicitFileType = wrapper.framework; includeInIndex = 0; path = Pods_Eventory.framework; sourceTree = BUILT_PRODUCTS_DIR; };
/* End PBXFileReference section */

/* Begin PBXFrameworksBuildPhase section */
		6CA95B061D6729BF00983152 /* Frameworks */ = {
			isa = PBXFrameworksBuildPhase;
			buildActionMask = 2147483647;
			files = (
				6CEA17ED1D68203100374032 /* SafariServices.framework in Frameworks */,
				E651E1746915111F62EE7A80 /* Pods_Eventory.framework in Frameworks */,
			);
			runOnlyForDeploymentPostprocessing = 0;
		};
/* End PBXFrameworksBuildPhase section */

/* Begin PBXGroup section */
		4CE8649E3AD8F1B8B7264449 /* Pods */ = {
			isa = PBXGroup;
			children = (
				9D8D7702E376AFA369C0434F /* Pods-Eventory.debug.xcconfig */,
				93E44002139D8172A27F7E18 /* Pods-Eventory.release.xcconfig */,
			);
			name = Pods;
			sourceTree = "<group>";
		};
		5885F7F918D04889CA56885E /* Frameworks */ = {
			isa = PBXGroup;
			children = (
				6CEA17EC1D68203100374032 /* SafariServices.framework */,
				CADCEF34488077494D0E2FE6 /* Pods_Eventory.framework */,
			);
			name = Frameworks;
			sourceTree = "<group>";
		};
		6CA95B001D6729BF00983152 = {
			isa = PBXGroup;
			children = (
				6CCD65AB1E2509000017826B /* GoogleService-Info.plist */,
				6CA95B0B1D6729BF00983152 /* Eventory */,
				5885F7F918D04889CA56885E /* Frameworks */,
				6CA95B0A1D6729BF00983152 /* Products */,
				4CE8649E3AD8F1B8B7264449 /* Pods */,
			);
			sourceTree = "<group>";
		};
		6CA95B0A1D6729BF00983152 /* Products */ = {
			isa = PBXGroup;
			children = (
				6CA95B091D6729BF00983152 /* Eventory.app */,
			);
			name = Products;
			sourceTree = "<group>";
		};
		6CA95B0B1D6729BF00983152 /* Eventory */ = {
			isa = PBXGroup;
			children = (
				6CCD65AD1E250A230017826B /* Eventory.entitlements */,
				6CA95B271D672DA000983152 /* Codes */,
				6CA95B251D672CEF00983152 /* Etc */,
				6CA95B281D672DBC00983152 /* Resources */,
				6CA95B181D6729BF00983152 /* Info.plist */,
			);
			path = Eventory;
			sourceTree = "<group>";
		};
		6CA95B221D672CD100983152 /* View */ = {
			isa = PBXGroup;
			children = (
				6CA95B2C1D67303400983152 /* EventInfoTableViewCell.swift */,
				6C3026D21D698E7C00D73A90 /* ViewFormatter.swift */,
				6CD322C81D7EAFCF004B0851 /* CheckListTableViewCell.swift */,
				6C88DF461E165BA000203C85 /* KeepButton.swift */,
				6C064EE71E1742B700658318 /* NoKeepButton.swift */,
			);
			path = View;
			sourceTree = "<group>";
		};
		6CA95B231D672CDD00983152 /* Controller */ = {
			isa = PBXGroup;
			children = (
				6C1DAFF71D8EBB9F00044A41 /* MainMenuTabBarController.swift */,
				6CA95B2E1D67306C00983152 /* EventInfoViewController.swift */,
				6C3026D41D69A13400D73A90 /* KeepEventViewController.swift */,
				6C2BCA451D6A8A19005D16DA /* NoKeepEventViewController.swift */,
				6C4E1F181D7D3A8600A2BE13 /* RegisterGenreViewController.swift */,
				6C4E1F1A1D7D3AAE00A2BE13 /* RegisterPlaceViewController.swift */,
				6CD322CE1D83FBDA004B0851 /* SettingViewController.swift */,
				6C6A26FE1D8E571D00F479CA /* AllEventSerachViewController.swift */,
				6C6A27001D8E614D00F479CA /* BaseViewController.swift */,
				6C1DB0071D8FC1F300044A41 /* BaseNavigationViewController.swift */,
			);
			path = Controller;
			sourceTree = "<group>";
		};
		6CA95B241D672CE600983152 /* Model */ = {
			isa = PBXGroup;
			children = (
				6CA95B1E1D672B9700983152 /* Event.swift */,
				6CA95B301D67480A00983152 /* EventManager.swift */,
				6CA95B321D6749EC00983152 /* EventSummary.swift */,
				6CD322CC1D83F056004B0851 /* UserRegister.swift */,
				6CFD6C351D854B7F00B6C37F /* PushNotificationManager.swift */,
			);
			path = Model;
			sourceTree = "<group>";
		};
		6CA95B251D672CEF00983152 /* Etc */ = {
			isa = PBXGroup;
			children = (
				6C5E463F1D92231F00AC9EC9 /* Eventory-Bridging-Header.h */,
				6CA95B0C1D6729BF00983152 /* AppDelegate.swift */,
				6CA95B1F1D672B9700983152 /* SwiftyJSON.swift */,
				6CD322C61D7EAB1B004B0851 /* Define.swift */,
				6C1DAFF91D8FB7C800044A41 /* Color.swift */,
			);
			path = Etc;
			sourceTree = "<group>";
		};
		6CA95B261D672D4500983152 /* storyboard */ = {
			isa = PBXGroup;
			children = (
				6CA95B151D6729BF00983152 /* LaunchScreen.storyboard */,
				6CA95B101D6729BF00983152 /* Main.storyboard */,
				6C4E1F141D7D36A600A2BE13 /* Register.storyboard */,
			);
			path = storyboard;
			sourceTree = "<group>";
		};
		6CA95B271D672DA000983152 /* Codes */ = {
			isa = PBXGroup;
			children = (
				6CA95B231D672CDD00983152 /* Controller */,
				6CA95B241D672CE600983152 /* Model */,
				6CA95B221D672CD100983152 /* View */,
			);
			path = Codes;
			sourceTree = "<group>";
		};
		6CA95B281D672DBC00983152 /* Resources */ = {
			isa = PBXGroup;
			children = (
				6CA95B261D672D4500983152 /* storyboard */,
				6CA95B291D672DD200983152 /* xibs */,
				6CC5C15C1D90B57D00683EBB /* AppIcon.xcassets */,
				6CC5C15E1D90BB9B00683EBB /* Images.xcassets */,
			);
			path = Resources;
			sourceTree = "<group>";
		};
		6CA95B291D672DD200983152 /* xibs */ = {
			isa = PBXGroup;
			children = (
				6CA95B2A1D672FDA00983152 /* EventInfoTableViewCell.xib */,
				6C4E1F161D7D39BB00A2BE13 /* CheckListTableViewCell.xib */,
			);
			path = xibs;
			sourceTree = "<group>";
		};
/* End PBXGroup section */

/* Begin PBXNativeTarget section */
		6CA95B081D6729BF00983152 /* Eventory */ = {
			isa = PBXNativeTarget;
			buildConfigurationList = 6CA95B1B1D6729BF00983152 /* Build configuration list for PBXNativeTarget "Eventory" */;
			buildPhases = (
				B9A24E641367D7A46C9D3EA9 /* [CP] Check Pods Manifest.lock */,
				6CA95B051D6729BF00983152 /* Sources */,
				6CA95B061D6729BF00983152 /* Frameworks */,
				6CA95B071D6729BF00983152 /* Resources */,
				0AEE7EEEBE1B528CF1F5B491 /* [CP] Embed Pods Frameworks */,
				DA4C5DDF32C6452D83B3B47D /* [CP] Copy Pods Resources */,
			);
			buildRules = (
			);
			dependencies = (
			);
			name = Eventory;
			productName = Eventory;
			productReference = 6CA95B091D6729BF00983152 /* Eventory.app */;
			productType = "com.apple.product-type.application";
		};
/* End PBXNativeTarget section */

/* Begin PBXProject section */
		6CA95B011D6729BF00983152 /* Project object */ = {
			isa = PBXProject;
			attributes = {
				LastSwiftUpdateCheck = 0730;
				LastUpgradeCheck = 0820;
				ORGANIZATIONNAME = jumpei;
				TargetAttributes = {
					6CA95B081D6729BF00983152 = {
						CreatedOnToolsVersion = 7.3;
						DevelopmentTeam = 3VM353B4CF;
						SystemCapabilities = {
							com.apple.BackgroundModes = {
								enabled = 1;
							};
							com.apple.Push = {
								enabled = 1;
							};
						};
					};
				};
			};
			buildConfigurationList = 6CA95B041D6729BF00983152 /* Build configuration list for PBXProject "Eventory" */;
			compatibilityVersion = "Xcode 3.2";
			developmentRegion = English;
			hasScannedForEncodings = 0;
			knownRegions = (
				en,
				Base,
			);
			mainGroup = 6CA95B001D6729BF00983152;
			productRefGroup = 6CA95B0A1D6729BF00983152 /* Products */;
			projectDirPath = "";
			projectRoot = "";
			targets = (
				6CA95B081D6729BF00983152 /* Eventory */,
			);
		};
/* End PBXProject section */

/* Begin PBXResourcesBuildPhase section */
		6CA95B071D6729BF00983152 /* Resources */ = {
			isa = PBXResourcesBuildPhase;
			buildActionMask = 2147483647;
			files = (
				6CA95B2B1D672FDA00983152 /* EventInfoTableViewCell.xib in Resources */,
				6CCD65AC1E2509000017826B /* GoogleService-Info.plist in Resources */,
				6CA95B171D6729BF00983152 /* LaunchScreen.storyboard in Resources */,
				6CC5C15D1D90B57D00683EBB /* AppIcon.xcassets in Resources */,
				6CA95B121D6729BF00983152 /* Main.storyboard in Resources */,
				6CC5C15F1D90BB9B00683EBB /* Images.xcassets in Resources */,
				6C4E1F171D7D39BB00A2BE13 /* CheckListTableViewCell.xib in Resources */,
				6C4E1F151D7D36A600A2BE13 /* Register.storyboard in Resources */,
			);
			runOnlyForDeploymentPostprocessing = 0;
		};
/* End PBXResourcesBuildPhase section */

/* Begin PBXShellScriptBuildPhase section */
		0AEE7EEEBE1B528CF1F5B491 /* [CP] Embed Pods Frameworks */ = {
			isa = PBXShellScriptBuildPhase;
			buildActionMask = 2147483647;
			files = (
			);
			inputPaths = (
			);
			name = "[CP] Embed Pods Frameworks";
			outputPaths = (
			);
			runOnlyForDeploymentPostprocessing = 0;
			shellPath = /bin/sh;
			shellScript = "\"${SRCROOT}/Pods/Target Support Files/Pods-Eventory/Pods-Eventory-frameworks.sh\"\n";
			showEnvVarsInLog = 0;
		};
		B9A24E641367D7A46C9D3EA9 /* [CP] Check Pods Manifest.lock */ = {
			isa = PBXShellScriptBuildPhase;
			buildActionMask = 2147483647;
			files = (
			);
			inputPaths = (
			);
			name = "[CP] Check Pods Manifest.lock";
			outputPaths = (
			);
			runOnlyForDeploymentPostprocessing = 0;
			shellPath = /bin/sh;
			shellScript = "diff \"${PODS_ROOT}/../Podfile.lock\" \"${PODS_ROOT}/Manifest.lock\" > /dev/null\nif [[ $? != 0 ]] ; then\n    cat << EOM\nerror: The sandbox is not in sync with the Podfile.lock. Run 'pod install' or update your CocoaPods installation.\nEOM\n    exit 1\nfi\n";
			showEnvVarsInLog = 0;
		};
		DA4C5DDF32C6452D83B3B47D /* [CP] Copy Pods Resources */ = {
			isa = PBXShellScriptBuildPhase;
			buildActionMask = 2147483647;
			files = (
			);
			inputPaths = (
			);
			name = "[CP] Copy Pods Resources";
			outputPaths = (
			);
			runOnlyForDeploymentPostprocessing = 0;
			shellPath = /bin/sh;
			shellScript = "\"${SRCROOT}/Pods/Target Support Files/Pods-Eventory/Pods-Eventory-resources.sh\"\n";
			showEnvVarsInLog = 0;
		};
/* End PBXShellScriptBuildPhase section */

/* Begin PBXSourcesBuildPhase section */
		6CA95B051D6729BF00983152 /* Sources */ = {
			isa = PBXSourcesBuildPhase;
			buildActionMask = 2147483647;
			files = (
				6CA95B311D67480A00983152 /* EventManager.swift in Sources */,
				6C1DAFF81D8EBB9F00044A41 /* MainMenuTabBarController.swift in Sources */,
				6C2BCA461D6A8A19005D16DA /* NoKeepEventViewController.swift in Sources */,
				6C1DB0081D8FC1F300044A41 /* BaseNavigationViewController.swift in Sources */,
				6C4E1F1B1D7D3AAE00A2BE13 /* RegisterPlaceViewController.swift in Sources */,
				6C064EE81E1742B700658318 /* NoKeepButton.swift in Sources */,
				6C3026D51D69A13400D73A90 /* KeepEventViewController.swift in Sources */,
				6CD322C91D7EAFCF004B0851 /* CheckListTableViewCell.swift in Sources */,
				6C6A27011D8E614D00F479CA /* BaseViewController.swift in Sources */,
				6CD322CF1D83FBDA004B0851 /* SettingViewController.swift in Sources */,
				6C4E1F191D7D3A8600A2BE13 /* RegisterGenreViewController.swift in Sources */,
				6CA95B2F1D67306C00983152 /* EventInfoViewController.swift in Sources */,
				6CA95B2D1D67303400983152 /* EventInfoTableViewCell.swift in Sources */,
				6C6A26FF1D8E571D00F479CA /* AllEventSerachViewController.swift in Sources */,
				6C1DAFFA1D8FB7C800044A41 /* Color.swift in Sources */,
				6CA95B0D1D6729BF00983152 /* AppDelegate.swift in Sources */,
				6CA95B201D672B9700983152 /* Event.swift in Sources */,
				6C3026D31D698E7C00D73A90 /* ViewFormatter.swift in Sources */,
				6CFD6C361D854B7F00B6C37F /* PushNotificationManager.swift in Sources */,
				6C88DF471E165BA000203C85 /* KeepButton.swift in Sources */,
				6CA95B211D672B9700983152 /* SwiftyJSON.swift in Sources */,
				6CA95B331D6749EC00983152 /* EventSummary.swift in Sources */,
				6CD322C71D7EAB1B004B0851 /* Define.swift in Sources */,
				6CD322CD1D83F056004B0851 /* UserRegister.swift in Sources */,
			);
			runOnlyForDeploymentPostprocessing = 0;
		};
/* End PBXSourcesBuildPhase section */

/* Begin PBXVariantGroup section */
		6CA95B101D6729BF00983152 /* Main.storyboard */ = {
			isa = PBXVariantGroup;
			children = (
				6CA95B111D6729BF00983152 /* Base */,
			);
			name = Main.storyboard;
			path = .;
			sourceTree = "<group>";
		};
		6CA95B151D6729BF00983152 /* LaunchScreen.storyboard */ = {
			isa = PBXVariantGroup;
			children = (
				6CA95B161D6729BF00983152 /* Base */,
			);
			name = LaunchScreen.storyboard;
			path = .;
			sourceTree = "<group>";
		};
/* End PBXVariantGroup section */

/* Begin XCBuildConfiguration section */
		6CA95B191D6729BF00983152 /* Debug */ = {
			isa = XCBuildConfiguration;
			buildSettings = {
				ALWAYS_SEARCH_USER_PATHS = NO;
				ASSETCATALOG_COMPILER_APPICON_NAME = "";
				CLANG_ANALYZER_NONNULL = YES;
				CLANG_CXX_LANGUAGE_STANDARD = "gnu++0x";
				CLANG_CXX_LIBRARY = "libc++";
				CLANG_ENABLE_MODULES = YES;
				CLANG_ENABLE_OBJC_ARC = YES;
				CLANG_WARN_BOOL_CONVERSION = YES;
				CLANG_WARN_CONSTANT_CONVERSION = YES;
				CLANG_WARN_DIRECT_OBJC_ISA_USAGE = YES_ERROR;
				CLANG_WARN_EMPTY_BODY = YES;
				CLANG_WARN_ENUM_CONVERSION = YES;
				CLANG_WARN_INFINITE_RECURSION = YES;
				CLANG_WARN_INT_CONVERSION = YES;
				CLANG_WARN_OBJC_ROOT_CLASS = YES_ERROR;
				CLANG_WARN_SUSPICIOUS_MOVE = YES;
				CLANG_WARN_UNREACHABLE_CODE = YES;
				CLANG_WARN__DUPLICATE_METHOD_MATCH = YES;
				"CODE_SIGN_IDENTITY[sdk=iphoneos*]" = "iPhone Developer";
				COPY_PHASE_STRIP = NO;
				DEBUG_INFORMATION_FORMAT = dwarf;
				ENABLE_STRICT_OBJC_MSGSEND = YES;
				ENABLE_TESTABILITY = YES;
				GCC_C_LANGUAGE_STANDARD = gnu99;
				GCC_DYNAMIC_NO_PIC = NO;
				GCC_NO_COMMON_BLOCKS = YES;
				GCC_OPTIMIZATION_LEVEL = 0;
				GCC_PREPROCESSOR_DEFINITIONS = (
					"DEBUG=1",
					"$(inherited)",
				);
				GCC_WARN_64_TO_32_BIT_CONVERSION = YES;
				GCC_WARN_ABOUT_RETURN_TYPE = YES_ERROR;
				GCC_WARN_UNDECLARED_SELECTOR = YES;
				GCC_WARN_UNINITIALIZED_AUTOS = YES_AGGRESSIVE;
				GCC_WARN_UNUSED_FUNCTION = YES;
				GCC_WARN_UNUSED_VARIABLE = YES;
				IPHONEOS_DEPLOYMENT_TARGET = 9.3;
				MTL_ENABLE_DEBUG_INFO = YES;
				ONLY_ACTIVE_ARCH = YES;
				SDKROOT = iphoneos;
				SWIFT_OPTIMIZATION_LEVEL = "-Onone";
				SWIFT_VERSION = 2.3;
			};
			name = Debug;
		};
		6CA95B1A1D6729BF00983152 /* Release */ = {
			isa = XCBuildConfiguration;
			buildSettings = {
				ALWAYS_SEARCH_USER_PATHS = NO;
				ASSETCATALOG_COMPILER_APPICON_NAME = "";
				CLANG_ANALYZER_NONNULL = YES;
				CLANG_CXX_LANGUAGE_STANDARD = "gnu++0x";
				CLANG_CXX_LIBRARY = "libc++";
				CLANG_ENABLE_MODULES = YES;
				CLANG_ENABLE_OBJC_ARC = YES;
				CLANG_WARN_BOOL_CONVERSION = YES;
				CLANG_WARN_CONSTANT_CONVERSION = YES;
				CLANG_WARN_DIRECT_OBJC_ISA_USAGE = YES_ERROR;
				CLANG_WARN_EMPTY_BODY = YES;
				CLANG_WARN_ENUM_CONVERSION = YES;
				CLANG_WARN_INFINITE_RECURSION = YES;
				CLANG_WARN_INT_CONVERSION = YES;
				CLANG_WARN_OBJC_ROOT_CLASS = YES_ERROR;
				CLANG_WARN_SUSPICIOUS_MOVE = YES;
				CLANG_WARN_UNREACHABLE_CODE = YES;
				CLANG_WARN__DUPLICATE_METHOD_MATCH = YES;
				"CODE_SIGN_IDENTITY[sdk=iphoneos*]" = "iPhone Developer";
				COPY_PHASE_STRIP = NO;
				DEBUG_INFORMATION_FORMAT = "dwarf-with-dsym";
				ENABLE_NS_ASSERTIONS = NO;
				ENABLE_STRICT_OBJC_MSGSEND = YES;
				GCC_C_LANGUAGE_STANDARD = gnu99;
				GCC_NO_COMMON_BLOCKS = YES;
				GCC_WARN_64_TO_32_BIT_CONVERSION = YES;
				GCC_WARN_ABOUT_RETURN_TYPE = YES_ERROR;
				GCC_WARN_UNDECLARED_SELECTOR = YES;
				GCC_WARN_UNINITIALIZED_AUTOS = YES_AGGRESSIVE;
				GCC_WARN_UNUSED_FUNCTION = YES;
				GCC_WARN_UNUSED_VARIABLE = YES;
				IPHONEOS_DEPLOYMENT_TARGET = 9.3;
				MTL_ENABLE_DEBUG_INFO = NO;
				SDKROOT = iphoneos;
				SWIFT_OPTIMIZATION_LEVEL = "-Owholemodule";
				SWIFT_VERSION = 2.3;
				VALIDATE_PRODUCT = YES;
			};
			name = Release;
		};
		6CA95B1C1D6729BF00983152 /* Debug */ = {
			isa = XCBuildConfiguration;
			baseConfigurationReference = 9D8D7702E376AFA369C0434F /* Pods-Eventory.debug.xcconfig */;
			buildSettings = {
				ALWAYS_EMBED_SWIFT_STANDARD_LIBRARIES = YES;
				ASSETCATALOG_COMPILER_APPICON_NAME = AppIcon;
				CLANG_ENABLE_MODULES = YES;
				CODE_SIGN_ENTITLEMENTS = Eventory/Eventory.entitlements;
				CODE_SIGN_IDENTITY = "iPhone Developer";
				"CODE_SIGN_IDENTITY[sdk=iphoneos*]" = "iPhone Developer";
				DEVELOPMENT_TEAM = 3VM353B4CF;
				INFOPLIST_FILE = Eventory/Info.plist;
				LD_RUNPATH_SEARCH_PATHS = "$(inherited) @executable_path/Frameworks";
				PRODUCT_BUNDLE_IDENTIFIER = xyz.ganbaruman.Eventory;
				PRODUCT_NAME = "$(TARGET_NAME)";
				PROVISIONING_PROFILE = "";
				SWIFT_OBJC_BRIDGING_HEADER = "Eventory/Etc/Eventory-Bridging-Header.h";
				SWIFT_OPTIMIZATION_LEVEL = "-Onone";
				SWIFT_VERSION = 2.3;
			};
			name = Debug;
		};
		6CA95B1D1D6729BF00983152 /* Release */ = {
			isa = XCBuildConfiguration;
			baseConfigurationReference = 93E44002139D8172A27F7E18 /* Pods-Eventory.release.xcconfig */;
			buildSettings = {
				ALWAYS_EMBED_SWIFT_STANDARD_LIBRARIES = YES;
				ASSETCATALOG_COMPILER_APPICON_NAME = AppIcon;
				CLANG_ENABLE_MODULES = YES;
				CODE_SIGN_ENTITLEMENTS = Eventory/Eventory.entitlements;
				CODE_SIGN_IDENTITY = "iPhone Developer";
				"CODE_SIGN_IDENTITY[sdk=iphoneos*]" = "iPhone Developer";
				DEVELOPMENT_TEAM = 3VM353B4CF;
				INFOPLIST_FILE = Eventory/Info.plist;
				LD_RUNPATH_SEARCH_PATHS = "$(inherited) @executable_path/Frameworks";
				PRODUCT_BUNDLE_IDENTIFIER = xyz.ganbaruman.Eventory;
				PRODUCT_NAME = "$(TARGET_NAME)";
				PROVISIONING_PROFILE = "";
				SWIFT_OBJC_BRIDGING_HEADER = "Eventory/Etc/Eventory-Bridging-Header.h";
				SWIFT_VERSION = 2.3;
			};
			name = Release;
		};
/* End XCBuildConfiguration section */

/* Begin XCConfigurationList section */
		6CA95B041D6729BF00983152 /* Build configuration list for PBXProject "Eventory" */ = {
			isa = XCConfigurationList;
			buildConfigurations = (
				6CA95B191D6729BF00983152 /* Debug */,
				6CA95B1A1D6729BF00983152 /* Release */,
			);
			defaultConfigurationIsVisible = 0;
			defaultConfigurationName = Release;
		};
		6CA95B1B1D6729BF00983152 /* Build configuration list for PBXNativeTarget "Eventory" */ = {
			isa = XCConfigurationList;
			buildConfigurations = (
				6CA95B1C1D6729BF00983152 /* Debug */,
				6CA95B1D1D6729BF00983152 /* Release */,
			);
			defaultConfigurationIsVisible = 0;
			defaultConfigurationName = Release;
		};
/* End XCConfigurationList section */
	};
	rootObject = 6CA95B011D6729BF00983152 /* Project object */;
}
